
Microsoft Visual Studio Solution File, Format Version 12.00
# Visual Studio Version 17
VisualStudioVersion = 17.14.36518.9 d17.14
MinimumVisualStudioVersion = 10.0.40219.1
Project("{FAE04EC0-301F-11D3-BF4B-00C04F79EFBC}") = "DiplomaFit.Api", "DiplomaFit.Api\DiplomaFit.Api.csproj", "{21793576-C71B-4D53-AECE-7E814D493853}"
EndProject
Global
	GlobalSection(SolutionConfigurationPlatforms) = preSolution
		Debug|Any CPU = Debug|Any CPU
		Release|Any CPU = Release|Any CPU
	EndGlobalSection
	GlobalSection(ProjectConfigurationPlatforms) = postSolution
		{21793576-C71B-4D53-AECE-7E814D493853}.Debug|Any CPU.ActiveCfg = Debug|Any CPU
		{21793576-C71B-4D53-AECE-7E814D493853}.Debug|Any CPU.Build.0 = Debug|Any CPU
		{21793576-C71B-4D53-AECE-7E814D493853}.Release|Any CPU.ActiveCfg = Release|Any CPU
		{21793576-C71B-4D53-AECE-7E814D493853}.Release|Any CPU.Build.0 = Release|Any CPU
	EndGlobalSection
	GlobalSection(SolutionProperties) = preSolution
		HideSolutionNode = FALSE
	EndGlobalSection
	GlobalSection(ExtensibilityGlobals) = postSolution
		SolutionGuid = {88A277FA-2979-4359-9E13-E72AC2964990}
	EndGlobalSection
EndGlobal
